
Microsoft Visual Studio Solution File, Format Version 12.00
# Visual Studio Version 17
VisualStudioVersion = 17.14.36603.0
MinimumVisualStudioVersion = 10.0.40219.1
Project("{FAE04EC0-301F-11D3-BF4B-00C04F79EFBC}") = "TechReq", "TechReq.csproj", "{66DEB21E-36D3-4FF7-98A8-CD5A261951E4}"
EndProject
Project("{2150E333-8FDC-42A3-9474-1A3956D46DE8}") = "DAL", "DAL", "{02EA681E-C7D8-13C7-8484-4AC65E1B71E8}"
EndProject
Project("{FAE04EC0-301F-11D3-BF4B-00C04F79EFBC}") = "TechReq.DAL", "..\TechReq.DAL\TechReq.DAL.csproj", "{6E3AB791-0055-4D2B-A09C-534D8DA58D2A}"
EndProject
Project("{2150E333-8FDC-42A3-9474-1A3956D46DE8}") = "Domain", "Domain", "{85207661-DCF5-4DFA-9F85-B65D81D6D5E1}"
EndProject
Project("{FAE04EC0-301F-11D3-BF4B-00C04F79EFBC}") = "TeachRed.Domain", "..\TeachRed.Domain\TeachRed.Domain.csproj", "{CCA2B1E1-D6B9-4C21-ADB8-8F3AFB7CDD59}"
EndProject
Project("{2150E333-8FDC-42A3-9474-1A3956D46DE8}") = "Service", "Service", "{47D9DCC8-D84F-4D86-8F3E-A73DC7403D7F}"
EndProject
Project("{FAE04EC0-301F-11D3-BF4B-00C04F79EFBC}") = "TeachRed.Service", "..\TeachRed.Service\TeachRed.Service.csproj", "{3673A624-165E-4EB4-BBBF-113C06B152E7}"
EndProject
Global
	GlobalSection(SolutionConfigurationPlatforms) = preSolution
		Debug|Any CPU = Debug|Any CPU
		Release|Any CPU = Release|Any CPU
	EndGlobalSection
	GlobalSection(ProjectConfigurationPlatforms) = postSolution
		{66DEB21E-36D3-4FF7-98A8-CD5A261951E4}.Debug|Any CPU.ActiveCfg = Debug|Any CPU
		{66DEB21E-36D3-4FF7-98A8-CD5A261951E4}.Debug|Any CPU.Build.0 = Debug|Any CPU
		{66DEB21E-36D3-4FF7-98A8-CD5A261951E4}.Release|Any CPU.ActiveCfg = Release|Any CPU
		{66DEB21E-36D3-4FF7-98A8-CD5A261951E4}.Release|Any CPU.Build.0 = Release|Any CPU
		{6E3AB791-0055-4D2B-A09C-534D8DA58D2A}.Debug|Any CPU.ActiveCfg = Debug|Any CPU
		{6E3AB791-0055-4D2B-A09C-534D8DA58D2A}.Debug|Any CPU.Build.0 = Debug|Any CPU
		{6E3AB791-0055-4D2B-A09C-534D8DA58D2A}.Release|Any CPU.ActiveCfg = Release|Any CPU
		{6E3AB791-0055-4D2B-A09C-534D8DA58D2A}.Release|Any CPU.Build.0 = Release|Any CPU
		{CCA2B1E1-D6B9-4C21-ADB8-8F3AFB7CDD59}.Debug|Any CPU.ActiveCfg = Debug|Any CPU
		{CCA2B1E1-D6B9-4C21-ADB8-8F3AFB7CDD59}.Debug|Any CPU.Build.0 = Debug|Any CPU
		{CCA2B1E1-D6B9-4C21-ADB8-8F3AFB7CDD59}.Release|Any CPU.ActiveCfg = Release|Any CPU
		{CCA2B1E1-D6B9-4C21-ADB8-8F3AFB7CDD59}.Release|Any CPU.Build.0 = Release|Any CPU
		{3673A624-165E-4EB4-BBBF-113C06B152E7}.Debug|Any CPU.ActiveCfg = Debug|Any CPU
		{3673A624-165E-4EB4-BBBF-113C06B152E7}.Debug|Any CPU.Build.0 = Debug|Any CPU
		{3673A624-165E-4EB4-BBBF-113C06B152E7}.Release|Any CPU.ActiveCfg = Release|Any CPU
		{3673A624-165E-4EB4-BBBF-113C06B152E7}.Release|Any CPU.Build.0 = Release|Any CPU
	EndGlobalSection
	GlobalSection(SolutionProperties) = preSolution
		HideSolutionNode = FALSE
	EndGlobalSection
	GlobalSection(NestedProjects) = preSolution
		{6E3AB791-0055-4D2B-A09C-534D8DA58D2A} = {02EA681E-C7D8-13C7-8484-4AC65E1B71E8}
		{CCA2B1E1-D6B9-4C21-ADB8-8F3AFB7CDD59} = {85207661-DCF5-4DFA-9F85-B65D81D6D5E1}
		{3673A624-165E-4EB4-BBBF-113C06B152E7} = {47D9DCC8-D84F-4D86-8F3E-A73DC7403D7F}
	EndGlobalSection
	GlobalSection(ExtensibilityGlobals) = postSolution
		SolutionGuid = {25544C1F-E7D5-448D-8BC4-109553B5CFA5}
	EndGlobalSection
EndGlobal
